
Microsoft Visual Studio Solution File, Format Version 12.00
# Visual Studio Version 17
VisualStudioVersion = 17.2.32616.157
MinimumVisualStudioVersion = 10.0.40219.1
Project("{9A19103F-16F7-4668-BE54-9A1E7A4F7556}") = "LauncherModelLib", "LauncherModelLib\LauncherModelLib.csproj", "{DD776078-E529-427A-A110-1DA6A9EAFA6F}"
EndProject
Project("{9A19103F-16F7-4668-BE54-9A1E7A4F7556}") = "MLauncherApp", "MLauncherApp\MLauncherApp.csproj", "{AF4879A3-7D13-48F4-BF6B-A9689FB00D72}"
EndProject
Project("{9A19103F-16F7-4668-BE54-9A1E7A4F7556}") = "LauncherModelLibTest", "LauncherModelLibTest\LauncherModelLibTest.csproj", "{7346EB72-41D5-4677-84AC-D75EA1E2D529}"
EndProject
Project("{9A19103F-16F7-4668-BE54-9A1E7A4F7556}") = "MLauncherAppTest", "MLauncherAppTest\MLauncherAppTest.csproj", "{D4848D0C-15D0-4B9D-A15F-AF4B07FCA198}"
EndProject
Project("{2150E333-8FDC-42A3-9474-1A3956D46DE8}") = "ソリューション項目", "ソリューション項目", "{FF1DE959-927A-499A-B274-EE543C709A34}"
	ProjectSection(SolutionItems) = preProject
		design.md = design.md
		README.md = README.md
	EndProjectSection
EndProject
Project("{FAE04EC0-301F-11D3-BF4B-00C04F79EFBC}") = "MLauncherIF", "MLauncherIF\MLauncherIF.csproj", "{FDD5C968-C95E-408E-A7DA-B71707016418}"
EndProject
Global
	GlobalSection(SolutionConfigurationPlatforms) = preSolution
		Debug|Any CPU = Debug|Any CPU
		Release|Any CPU = Release|Any CPU
	EndGlobalSection
	GlobalSection(ProjectConfigurationPlatforms) = postSolution
		{DD776078-E529-427A-A110-1DA6A9EAFA6F}.Debug|Any CPU.ActiveCfg = Debug|Any CPU
		{DD776078-E529-427A-A110-1DA6A9EAFA6F}.Debug|Any CPU.Build.0 = Debug|Any CPU
		{DD776078-E529-427A-A110-1DA6A9EAFA6F}.Release|Any CPU.ActiveCfg = Release|Any CPU
		{DD776078-E529-427A-A110-1DA6A9EAFA6F}.Release|Any CPU.Build.0 = Release|Any CPU
		{AF4879A3-7D13-48F4-BF6B-A9689FB00D72}.Debug|Any CPU.ActiveCfg = Debug|Any CPU
		{AF4879A3-7D13-48F4-BF6B-A9689FB00D72}.Debug|Any CPU.Build.0 = Debug|Any CPU
		{AF4879A3-7D13-48F4-BF6B-A9689FB00D72}.Release|Any CPU.ActiveCfg = Release|Any CPU
		{AF4879A3-7D13-48F4-BF6B-A9689FB00D72}.Release|Any CPU.Build.0 = Release|Any CPU
		{7346EB72-41D5-4677-84AC-D75EA1E2D529}.Debug|Any CPU.ActiveCfg = Debug|Any CPU
		{7346EB72-41D5-4677-84AC-D75EA1E2D529}.Debug|Any CPU.Build.0 = Debug|Any CPU
		{7346EB72-41D5-4677-84AC-D75EA1E2D529}.Release|Any CPU.ActiveCfg = Release|Any CPU
		{7346EB72-41D5-4677-84AC-D75EA1E2D529}.Release|Any CPU.Build.0 = Release|Any CPU
		{D4848D0C-15D0-4B9D-A15F-AF4B07FCA198}.Debug|Any CPU.ActiveCfg = Debug|Any CPU
		{D4848D0C-15D0-4B9D-A15F-AF4B07FCA198}.Debug|Any CPU.Build.0 = Debug|Any CPU
		{D4848D0C-15D0-4B9D-A15F-AF4B07FCA198}.Release|Any CPU.ActiveCfg = Release|Any CPU
		{D4848D0C-15D0-4B9D-A15F-AF4B07FCA198}.Release|Any CPU.Build.0 = Release|Any CPU
		{FDD5C968-C95E-408E-A7DA-B71707016418}.Debug|Any CPU.ActiveCfg = Debug|Any CPU
		{FDD5C968-C95E-408E-A7DA-B71707016418}.Debug|Any CPU.Build.0 = Debug|Any CPU
		{FDD5C968-C95E-408E-A7DA-B71707016418}.Release|Any CPU.ActiveCfg = Release|Any CPU
		{FDD5C968-C95E-408E-A7DA-B71707016418}.Release|Any CPU.Build.0 = Release|Any CPU
	EndGlobalSection
	GlobalSection(SolutionProperties) = preSolution
		HideSolutionNode = FALSE
	EndGlobalSection
	GlobalSection(ExtensibilityGlobals) = postSolution
		SolutionGuid = {A0A842DA-0211-48DF-B865-41640CC9E00E}
	EndGlobalSection
EndGlobal
